<?xml version="1.0" encoding="utf-8"?>
<Project ToolsVersion="4.0" xmlns="http://schemas.microsoft.com/developer/msbuild/2003">
  <ItemGroup>
    <ClCompile Include="DummyClient.cpp" />
    <ClCompile Include="DummyService.cpp" />
    <ClCompile Include="DummySession.cpp" />
    <ClCompile Include="pch.cpp" />
    <ClCompile Include="DummyPlayerInfo.cpp" />
    <ClCompile Include="DummyUtils.cpp" />
    <ClCompile Include="DummyProto.pb.cc">
      <Filter>proto</Filter>
    </ClCompile>
  </ItemGroup>
  <ItemGroup>
    <ClInclude Include="DummyService.h" />
    <ClInclude Include="DummySession.h" />
    <ClInclude Include="pch.h" />
    <ClInclude Include="DummyPlayerInfo.h" />
    <ClInclude Include="GamePacketHandler.h" />
    <ClInclude Include="DummyUtils.h" />
    <ClInclude Include="DummyProto.pb.h">
      <Filter>proto</Filter>
    </ClInclude>
  </ItemGroup>
  <ItemGroup>
    <Filter Include="proto">
      <UniqueIdentifier>{4321a95f-66e7-455e-805c-4eabcb199c1b}</UniqueIdentifier>
    </Filter>
  </ItemGroup>
  <ItemGroup>
    <None Include="DummyProto.proto">
      <Filter>proto</Filter>
    </None>
  </ItemGroup>
</Project>