<?xml version="1.0" encoding="utf-8"?>
<Project ToolsVersion="4.0" xmlns="http://schemas.microsoft.com/developer/msbuild/2003">
  <ItemGroup>
    <ClCompile Include="CoreGlobal.cpp">
      <Filter>Core</Filter>
    </ClCompile>
    <ClCompile Include="CorePch.cpp">
      <Filter>Core</Filter>
    </ClCompile>
    <ClCompile Include="DBConn.cpp">
      <Filter>DB</Filter>
    </ClCompile>
    <ClCompile Include="DBConnectPool.cpp">
      <Filter>DB</Filter>
    </ClCompile>
    <ClCompile Include="pch.cpp">
      <Filter>Utils</Filter>
    </ClCompile>
    <ClCompile Include="ThreadManager.cpp">
      <Filter>Utils</Filter>
    </ClCompile>
    <ClCompile Include="ReadWriteLock.cpp">
      <Filter>Packet</Filter>
    </ClCompile>
    <ClCompile Include="RecvBuffer.cpp">
      <Filter>Packet</Filter>
    </ClCompile>
    <ClCompile Include="SendBuffer.cpp">
      <Filter>Packet</Filter>
    </ClCompile>
    <ClCompile Include="Service.cpp">
      <Filter>Service</Filter>
    </ClCompile>
    <ClCompile Include="Session.cpp">
      <Filter>Service</Filter>
    </ClCompile>
    <ClCompile Include="OverlappedSocket.cpp">
      <Filter>Socket</Filter>
    </ClCompile>
    <ClCompile Include="OverlappedTask.cpp">
      <Filter>Socket</Filter>
    </ClCompile>
    <ClCompile Include="SocketConfig.cpp">
      <Filter>Socket</Filter>
    </ClCompile>
    <ClCompile Include="DBOdbc.cpp">
      <Filter>DB</Filter>
    </ClCompile>
  </ItemGroup>
  <ItemGroup>
    <ClInclude Include="CorePch.h">
      <Filter>Core</Filter>
    </ClInclude>
    <ClInclude Include="CoreGlobal.h">
      <Filter>Core</Filter>
    </ClInclude>
    <ClInclude Include="DBConn.h">
      <Filter>DB</Filter>
    </ClInclude>
    <ClInclude Include="DBConnectPool.h">
      <Filter>DB</Filter>
    </ClInclude>
    <ClInclude Include="PacketHeader.h">
      <Filter>Packet</Filter>
    </ClInclude>
    <ClInclude Include="pch.h">
      <Filter>Utils</Filter>
    </ClInclude>
    <ClInclude Include="ThreadManager.h">
      <Filter>Utils</Filter>
    </ClInclude>
    <ClInclude Include="Types.h">
      <Filter>Utils</Filter>
    </ClInclude>
    <ClInclude Include="ReadWriteLock.h">
      <Filter>Packet</Filter>
    </ClInclude>
    <ClInclude Include="RecvBuffer.h">
      <Filter>Packet</Filter>
    </ClInclude>
    <ClInclude Include="SendBuffer.h">
      <Filter>Packet</Filter>
    </ClInclude>
    <ClInclude Include="Service.h">
      <Filter>Service</Filter>
    </ClInclude>
    <ClInclude Include="Session.h">
      <Filter>Service</Filter>
    </ClInclude>
    <ClInclude Include="OverlappedSocket.h">
      <Filter>Socket</Filter>
    </ClInclude>
    <ClInclude Include="OverlappedTask.h">
      <Filter>Socket</Filter>
    </ClInclude>
    <ClInclude Include="SocketConfig.h">
      <Filter>Socket</Filter>
    </ClInclude>
    <ClInclude Include="DBOdbc.h">
      <Filter>DB</Filter>
    </ClInclude>
  </ItemGroup>
  <ItemGroup>
    <Filter Include="Core">
      <UniqueIdentifier>{83993a92-5fc6-4bab-a0eb-733269259c2f}</UniqueIdentifier>
    </Filter>
    <Filter Include="DB">
      <UniqueIdentifier>{7c1976e2-dca9-4cbc-9eaa-e87dfbb9f1de}</UniqueIdentifier>
    </Filter>
    <Filter Include="Packet">
      <UniqueIdentifier>{a35a7d42-d9b7-41e0-9c41-1dcfaa7af9da}</UniqueIdentifier>
    </Filter>
    <Filter Include="Service">
      <UniqueIdentifier>{5f3af8d2-99b6-4f85-9d38-06ab079a5748}</UniqueIdentifier>
    </Filter>
    <Filter Include="Utils">
      <UniqueIdentifier>{c7d2e8f1-80a5-4e88-9a52-48cac299d45b}</UniqueIdentifier>
    </Filter>
    <Filter Include="Socket">
      <UniqueIdentifier>{9bcfec98-e83f-47da-b65f-09f9755d4845}</UniqueIdentifier>
    </Filter>
  </ItemGroup>
</Project>