<?xml version="1.0" encoding="utf-8"?>
<Project ToolsVersion="4.0" xmlns="http://schemas.microsoft.com/developer/msbuild/2003">
  <ItemGroup>
    <ClCompile Include="GameObjectInfo.cpp">
      <Filter>Unit</Filter>
    </ClCompile>
    <ClCompile Include="pch.cpp">
      <Filter>Utils</Filter>
    </ClCompile>
    <ClCompile Include="GameUtils.cpp">
      <Filter>Utils</Filter>
    </ClCompile>
    <ClCompile Include="GameSkill.cpp">
      <Filter>Skill</Filter>
    </ClCompile>
    <ClCompile Include="GameMapInfo.cpp">
      <Filter>Map</Filter>
    </ClCompile>
    <ClCompile Include="GameInit.cpp">
      <Filter>Utils</Filter>
    </ClCompile>
    <ClCompile Include="GameRoomManager.cpp">
      <Filter>Service</Filter>
    </ClCompile>
    <ClCompile Include="GameRoomQuest.cpp">
      <Filter>Service</Filter>
    </ClCompile>
    <ClCompile Include="GameSerivce.cpp">
      <Filter>Service</Filter>
    </ClCompile>
    <ClCompile Include="IRoom.cpp">
      <Filter>Service</Filter>
    </ClCompile>
    <ClCompile Include="GameSession.cpp">
      <Filter>Client</Filter>
    </ClCompile>
    <ClCompile Include="GameGlobal.cpp">
      <Filter>Service\global</Filter>
    </ClCompile>
    <ClCompile Include="GameServer.cpp" />
    <ClCompile Include="SessionDB.cpp">
      <Filter>DB</Filter>
    </ClCompile>
    <ClCompile Include="FriendDB.cpp">
      <Filter>DB</Filter>
    </ClCompile>
    <ClCompile Include="UserDB.cpp">
      <Filter>DB</Filter>
    </ClCompile>
    <ClCompile Include="InventoryDB.cpp">
      <Filter>DB</Filter>
    </ClCompile>
    <ClCompile Include="Inventory.cpp">
      <Filter>Contents\Inventory</Filter>
    </ClCompile>
    <ClCompile Include="FriendSystem.cpp">
      <Filter>Contents\Friend</Filter>
    </ClCompile>
    <ClCompile Include="GameUserAccess.cpp">
      <Filter>Contents\User</Filter>
    </ClCompile>
    <ClCompile Include="GameService.pb.cc">
      <Filter>proto</Filter>
    </ClCompile>
    <ClCompile Include="GameCharater.cpp">
      <Filter>GameInfo</Filter>
    </ClCompile>
    <ClCompile Include="GameWeapon.cpp">
      <Filter>GameInfo</Filter>
    </ClCompile>
    <ClCompile Include="GameItem.cpp">
      <Filter>GameInfo</Filter>
    </ClCompile>
    <ClCompile Include="GameExpLv.cpp">
      <Filter>GameInfo</Filter>
    </ClCompile>
    <ClCompile Include="GameDrop.cpp">
      <Filter>GameInfo</Filter>
    </ClCompile>
    <ClCompile Include="MailSystem.cpp">
      <Filter>Contents\Mail</Filter>
    </ClCompile>
    <ClCompile Include="DropGenerater.cpp">
      <Filter>Item</Filter>
    </ClCompile>
    <ClCompile Include="GameEvent.cpp">
      <Filter>GameInfo</Filter>
    </ClCompile>
    <ClCompile Include="MailDB.cpp">
      <Filter>DB</Filter>
    </ClCompile>
  </ItemGroup>
  <ItemGroup>
    <ClInclude Include="GameObjectInfo.h">
      <Filter>Unit</Filter>
    </ClInclude>
    <ClInclude Include="pch.h">
      <Filter>Utils</Filter>
    </ClInclude>
    <ClInclude Include="GameUtils.h">
      <Filter>Utils</Filter>
    </ClInclude>
    <ClInclude Include="GameSkill.h">
      <Filter>Skill</Filter>
    </ClInclude>
    <ClInclude Include="GameMapInfo.h">
      <Filter>Map</Filter>
    </ClInclude>
    <ClInclude Include="GameInit.h">
      <Filter>Utils</Filter>
    </ClInclude>
    <ClInclude Include="GameRoomManager.h">
      <Filter>Service</Filter>
    </ClInclude>
    <ClInclude Include="GameRoomQuest.h">
      <Filter>Service</Filter>
    </ClInclude>
    <ClInclude Include="GameSerivce.h">
      <Filter>Service</Filter>
    </ClInclude>
    <ClInclude Include="IRoom.h">
      <Filter>Service</Filter>
    </ClInclude>
    <ClInclude Include="GameSession.h">
      <Filter>Client</Filter>
    </ClInclude>
    <ClInclude Include="GameGlobal.h">
      <Filter>Service\global</Filter>
    </ClInclude>
    <ClInclude Include="GamePacketHandler.h">
      <Filter>Utils</Filter>
    </ClInclude>
    <ClInclude Include="SessionDB.h">
      <Filter>DB</Filter>
    </ClInclude>
    <ClInclude Include="FriendDB.h">
      <Filter>DB</Filter>
    </ClInclude>
    <ClInclude Include="UserDB.h">
      <Filter>DB</Filter>
    </ClInclude>
    <ClInclude Include="InventoryDB.h">
      <Filter>DB</Filter>
    </ClInclude>
    <ClInclude Include="Inventory.h">
      <Filter>Contents\Inventory</Filter>
    </ClInclude>
    <ClInclude Include="FriendSystem.h">
      <Filter>Contents\Friend</Filter>
    </ClInclude>
    <ClInclude Include="GameUserAccess.h">
      <Filter>Contents\User</Filter>
    </ClInclude>
    <ClInclude Include="GameService.pb.h">
      <Filter>proto</Filter>
    </ClInclude>
    <ClInclude Include="GameCharater.h">
      <Filter>GameInfo</Filter>
    </ClInclude>
    <ClInclude Include="GameWeapon.h">
      <Filter>GameInfo</Filter>
    </ClInclude>
    <ClInclude Include="GameItem.h">
      <Filter>GameInfo</Filter>
    </ClInclude>
    <ClInclude Include="GameExpLv.h">
      <Filter>GameInfo</Filter>
    </ClInclude>
    <ClInclude Include="GameDrop.h">
      <Filter>GameInfo</Filter>
    </ClInclude>
    <ClInclude Include="MailSystem.h">
      <Filter>Contents\Mail</Filter>
    </ClInclude>
    <ClInclude Include="DropGenerater.h">
      <Filter>Item</Filter>
    </ClInclude>
    <ClInclude Include="GameEvent.h">
      <Filter>GameInfo</Filter>
    </ClInclude>
    <ClInclude Include="MailDB.h">
      <Filter>DB</Filter>
    </ClInclude>
  </ItemGroup>
  <ItemGroup>
    <Filter Include="Unit">
      <UniqueIdentifier>{383bc279-a4fb-406f-af74-6d76d30a84a5}</UniqueIdentifier>
    </Filter>
    <Filter Include="Utils">
      <UniqueIdentifier>{d4ae30c0-78d8-4dbe-936b-85a1a2c130dd}</UniqueIdentifier>
    </Filter>
    <Filter Include="Service">
      <UniqueIdentifier>{4a9ed231-b6e7-4932-ab8c-41317e8a2068}</UniqueIdentifier>
    </Filter>
    <Filter Include="Service\global">
      <UniqueIdentifier>{93d758c5-e45b-478e-809b-83850ea53662}</UniqueIdentifier>
    </Filter>
    <Filter Include="Client">
      <UniqueIdentifier>{876103ae-0bde-4c17-88d4-9ed9c5ad98f9}</UniqueIdentifier>
    </Filter>
    <Filter Include="Map">
      <UniqueIdentifier>{af7c36c3-8c77-42da-8d5a-1016b88c35a0}</UniqueIdentifier>
    </Filter>
    <Filter Include="DB">
      <UniqueIdentifier>{ee19a25e-17dc-46d3-92e0-d4df5e75df78}</UniqueIdentifier>
    </Filter>
    <Filter Include="Skill">
      <UniqueIdentifier>{6b1da8a7-21d1-4dc2-be96-fd0374bd2db5}</UniqueIdentifier>
    </Filter>
    <Filter Include="Contents">
      <UniqueIdentifier>{657d8de2-539c-4a07-a15f-2c1cc44413d6}</UniqueIdentifier>
    </Filter>
    <Filter Include="Contents\Friend">
      <UniqueIdentifier>{4e9c8950-353a-48ee-8406-89eb8b78a7fc}</UniqueIdentifier>
    </Filter>
    <Filter Include="Contents\User">
      <UniqueIdentifier>{e7b72a3a-f7ad-442d-8a9a-5527fd97d49e}</UniqueIdentifier>
    </Filter>
    <Filter Include="Contents\Mail">
      <UniqueIdentifier>{d87f2d4d-9bc6-4df8-844d-2f8d0c1ec22a}</UniqueIdentifier>
    </Filter>
    <Filter Include="proto">
      <UniqueIdentifier>{4a7e6a4c-4087-46c9-8ebc-debf15f8e697}</UniqueIdentifier>
    </Filter>
    <Filter Include="GameInfo">
      <UniqueIdentifier>{1b2a6611-219d-4e19-a831-20f168eb1fed}</UniqueIdentifier>
    </Filter>
    <Filter Include="Item">
      <UniqueIdentifier>{134ed715-33db-4d48-b73e-dc744dccfaac}</UniqueIdentifier>
    </Filter>
    <Filter Include="Contents\Inventory">
      <UniqueIdentifier>{c81b26c2-3875-475a-868c-10c2520c0738}</UniqueIdentifier>
    </Filter>
  </ItemGroup>
  <ItemGroup>
    <None Include="config.json" />
    <None Include="GameService.proto">
      <Filter>proto</Filter>
    </None>
  </ItemGroup>
</Project>